
Microsoft Visual Studio Solution File, Format Version 12.00
# Visual Studio Version 16
VisualStudioVersion = 16.0.31129.286
MinimumVisualStudioVersion = 10.0.40219.1
Project("{9A19103F-16F7-4668-BE54-9A1E7A4F7556}") = "PlatformService", "PlatformService\PlatformService.csproj", "{991C231E-EA6A-4BCA-BEC1-B055D51A18FF}"
EndProject
Project("{FAE04EC0-301F-11D3-BF4B-00C04F79EFBC}") = "MicroServiceProject.Util", "MicroServiceProject.Util\MicroServiceProject.Util.csproj", "{DD62EC3D-E260-4902-834F-3F771AB431AE}"
EndProject
Global
	GlobalSection(SolutionConfigurationPlatforms) = preSolution
		Debug|Any CPU = Debug|Any CPU
		Release|Any CPU = Release|Any CPU
	EndGlobalSection
	GlobalSection(ProjectConfigurationPlatforms) = postSolution
		{991C231E-EA6A-4BCA-BEC1-B055D51A18FF}.Debug|Any CPU.ActiveCfg = Debug|Any CPU
		{991C231E-EA6A-4BCA-BEC1-B055D51A18FF}.Debug|Any CPU.Build.0 = Debug|Any CPU
		{991C231E-EA6A-4BCA-BEC1-B055D51A18FF}.Release|Any CPU.ActiveCfg = Release|Any CPU
		{991C231E-EA6A-4BCA-BEC1-B055D51A18FF}.Release|Any CPU.Build.0 = Release|Any CPU
		{DD62EC3D-E260-4902-834F-3F771AB431AE}.Debug|Any CPU.ActiveCfg = Debug|Any CPU
		{DD62EC3D-E260-4902-834F-3F771AB431AE}.Debug|Any CPU.Build.0 = Debug|Any CPU
		{DD62EC3D-E260-4902-834F-3F771AB431AE}.Release|Any CPU.ActiveCfg = Release|Any CPU
		{DD62EC3D-E260-4902-834F-3F771AB431AE}.Release|Any CPU.Build.0 = Release|Any CPU
	EndGlobalSection
	GlobalSection(SolutionProperties) = preSolution
		HideSolutionNode = FALSE
	EndGlobalSection
	GlobalSection(ExtensibilityGlobals) = postSolution
		SolutionGuid = {B3AFCFB9-C8B9-4F6E-ADE7-D0A2613AE3C0}
	EndGlobalSection
EndGlobal
